
Microsoft Visual Studio Solution File, Format Version 12.00
# Visual Studio Version 16
VisualStudioVersion = 16.0.28803.452
MinimumVisualStudioVersion = 10.0.40219.1
Project("{9A19103F-16F7-4668-BE54-9A1E7A4F7556}") = "Mars.Rover", "MarsRover\Mars.Rover.csproj", "{029AE15E-8B5E-4FB8-99D6-A9AA37E1E22D}"
EndProject
Project("{9A19103F-16F7-4668-BE54-9A1E7A4F7556}") = "Mars.Rover.Test", "MarsRoverTest\Mars.Rover.Test.csproj", "{02258737-C398-4C28-AD6C-43646276B0C3}"
EndProject
Project("{9A19103F-16F7-4668-BE54-9A1E7A4F7556}") = "Mars.Vehicle.Core", "Nasa\Mars.Vehicle.Core.csproj", "{669F48CC-DA2C-466D-9262-1DA0D1D72B1E}"
EndProject
Global
	GlobalSection(SolutionConfigurationPlatforms) = preSolution
		Debug|Any CPU = Debug|Any CPU
		Release|Any CPU = Release|Any CPU
	EndGlobalSection
	GlobalSection(ProjectConfigurationPlatforms) = postSolution
		{029AE15E-8B5E-4FB8-99D6-A9AA37E1E22D}.Debug|Any CPU.ActiveCfg = Debug|Any CPU
		{029AE15E-8B5E-4FB8-99D6-A9AA37E1E22D}.Debug|Any CPU.Build.0 = Debug|Any CPU
		{029AE15E-8B5E-4FB8-99D6-A9AA37E1E22D}.Release|Any CPU.ActiveCfg = Release|Any CPU
		{029AE15E-8B5E-4FB8-99D6-A9AA37E1E22D}.Release|Any CPU.Build.0 = Release|Any CPU
		{02258737-C398-4C28-AD6C-43646276B0C3}.Debug|Any CPU.ActiveCfg = Debug|Any CPU
		{02258737-C398-4C28-AD6C-43646276B0C3}.Debug|Any CPU.Build.0 = Debug|Any CPU
		{02258737-C398-4C28-AD6C-43646276B0C3}.Release|Any CPU.ActiveCfg = Release|Any CPU
		{02258737-C398-4C28-AD6C-43646276B0C3}.Release|Any CPU.Build.0 = Release|Any CPU
		{669F48CC-DA2C-466D-9262-1DA0D1D72B1E}.Debug|Any CPU.ActiveCfg = Debug|Any CPU
		{669F48CC-DA2C-466D-9262-1DA0D1D72B1E}.Debug|Any CPU.Build.0 = Debug|Any CPU
		{669F48CC-DA2C-466D-9262-1DA0D1D72B1E}.Release|Any CPU.ActiveCfg = Release|Any CPU
		{669F48CC-DA2C-466D-9262-1DA0D1D72B1E}.Release|Any CPU.Build.0 = Release|Any CPU
	EndGlobalSection
	GlobalSection(SolutionProperties) = preSolution
		HideSolutionNode = FALSE
	EndGlobalSection
	GlobalSection(ExtensibilityGlobals) = postSolution
		SolutionGuid = {8FD810B4-0347-4024-8B16-B639D5E30EA7}
	EndGlobalSection
EndGlobal
